
Microsoft Visual Studio Solution File, Format Version 12.00
# Visual Studio 15
VisualStudioVersion = 15.0.27428.2005
MinimumVisualStudioVersion = 10.0.40219.1
Project("{FAE04EC0-301F-11D3-BF4B-00C04F79EFBC}") = "Beacon.Core", "Beacon.Core\Beacon.Core.csproj", "{E76813EF-60AD-4955-A273-C2A235DFE9FC}"
EndProject
Project("{FAE04EC0-301F-11D3-BF4B-00C04F79EFBC}") = "Beacon.Specs", "Beacon.Specs\Beacon.Specs.csproj", "{CCC15807-5DC4-4BF1-9DBA-C66D7C4C2DA9}"
EndProject
Project("{FAE04EC0-301F-11D3-BF4B-00C04F79EFBC}") = "Beacon", "Beacon\Beacon.csproj", "{936141A6-3390-44FC-9829-1144D5214ECB}"
EndProject
Project("{FAE04EC0-301F-11D3-BF4B-00C04F79EFBC}") = "Beacon.Lights", "Beacon.Lights\Beacon.Lights.csproj", "{E0739ADF-2B24-40AC-A368-293C0A98DBDA}"
EndProject
Project("{2150E333-8FDC-42A3-9474-1A3956D46DE8}") = "Solution Items", "Solution Items", "{D985A4AA-9201-42CB-95FE-4A3832703935}"
	ProjectSection(SolutionItems) = preProject
		SharedAssemblyInfo.cs = SharedAssemblyInfo.cs
	EndProjectSection
EndProject
Project("{FAE04EC0-301F-11D3-BF4B-00C04F79EFBC}") = "Beacon.Lights.Tester", "Beacon.Lights.Tester\Beacon.Lights.Tester.csproj", "{33AEE6F9-C15A-4DBA-8091-2919748EA0B1}"
EndProject
Project("{9A19103F-16F7-4668-BE54-9A1E7A4F7556}") = "_build", "..\build\_build.csproj", "{E7F39104-A669-452A-9F3D-6ACA7EC74FA3}"
EndProject
Global
	GlobalSection(SolutionConfigurationPlatforms) = preSolution
		Debug|Any CPU = Debug|Any CPU
		Debug|Mixed Platforms = Debug|Mixed Platforms
		Debug|x86 = Debug|x86
		Release|Any CPU = Release|Any CPU
		Release|Mixed Platforms = Release|Mixed Platforms
		Release|x86 = Release|x86
	EndGlobalSection
	GlobalSection(ProjectConfigurationPlatforms) = postSolution
		{E7F39104-A669-452A-9F3D-6ACA7EC74FA3}.Debug|Any CPU.ActiveCfg = Debug|Any CPU
		{E7F39104-A669-452A-9F3D-6ACA7EC74FA3}.Release|Any CPU.ActiveCfg = Release|Any CPU
		{E76813EF-60AD-4955-A273-C2A235DFE9FC}.Debug|Any CPU.ActiveCfg = Debug|Any CPU
		{E76813EF-60AD-4955-A273-C2A235DFE9FC}.Debug|Any CPU.Build.0 = Debug|Any CPU
		{E76813EF-60AD-4955-A273-C2A235DFE9FC}.Debug|Mixed Platforms.ActiveCfg = Debug|x86
		{E76813EF-60AD-4955-A273-C2A235DFE9FC}.Debug|Mixed Platforms.Build.0 = Debug|x86
		{E76813EF-60AD-4955-A273-C2A235DFE9FC}.Debug|x86.ActiveCfg = Debug|x86
		{E76813EF-60AD-4955-A273-C2A235DFE9FC}.Debug|x86.Build.0 = Debug|x86
		{E76813EF-60AD-4955-A273-C2A235DFE9FC}.Release|Any CPU.ActiveCfg = Release|Any CPU
		{E76813EF-60AD-4955-A273-C2A235DFE9FC}.Release|Any CPU.Build.0 = Release|Any CPU
		{E76813EF-60AD-4955-A273-C2A235DFE9FC}.Release|Mixed Platforms.ActiveCfg = Release|x86
		{E76813EF-60AD-4955-A273-C2A235DFE9FC}.Release|Mixed Platforms.Build.0 = Release|x86
		{E76813EF-60AD-4955-A273-C2A235DFE9FC}.Release|x86.ActiveCfg = Release|x86
		{E76813EF-60AD-4955-A273-C2A235DFE9FC}.Release|x86.Build.0 = Release|x86
		{CCC15807-5DC4-4BF1-9DBA-C66D7C4C2DA9}.Debug|Any CPU.ActiveCfg = Debug|Any CPU
		{CCC15807-5DC4-4BF1-9DBA-C66D7C4C2DA9}.Debug|Any CPU.Build.0 = Debug|Any CPU
		{CCC15807-5DC4-4BF1-9DBA-C66D7C4C2DA9}.Debug|Mixed Platforms.ActiveCfg = Debug|x86
		{CCC15807-5DC4-4BF1-9DBA-C66D7C4C2DA9}.Debug|Mixed Platforms.Build.0 = Debug|x86
		{CCC15807-5DC4-4BF1-9DBA-C66D7C4C2DA9}.Debug|x86.ActiveCfg = Debug|x86
		{CCC15807-5DC4-4BF1-9DBA-C66D7C4C2DA9}.Debug|x86.Build.0 = Debug|x86
		{CCC15807-5DC4-4BF1-9DBA-C66D7C4C2DA9}.Release|Any CPU.ActiveCfg = Release|Any CPU
		{CCC15807-5DC4-4BF1-9DBA-C66D7C4C2DA9}.Release|Any CPU.Build.0 = Release|Any CPU
		{CCC15807-5DC4-4BF1-9DBA-C66D7C4C2DA9}.Release|Mixed Platforms.ActiveCfg = Release|x86
		{CCC15807-5DC4-4BF1-9DBA-C66D7C4C2DA9}.Release|Mixed Platforms.Build.0 = Release|x86
		{CCC15807-5DC4-4BF1-9DBA-C66D7C4C2DA9}.Release|x86.ActiveCfg = Release|x86
		{CCC15807-5DC4-4BF1-9DBA-C66D7C4C2DA9}.Release|x86.Build.0 = Release|x86
		{936141A6-3390-44FC-9829-1144D5214ECB}.Debug|Any CPU.ActiveCfg = Debug|Any CPU
		{936141A6-3390-44FC-9829-1144D5214ECB}.Debug|Any CPU.Build.0 = Debug|Any CPU
		{936141A6-3390-44FC-9829-1144D5214ECB}.Debug|Mixed Platforms.ActiveCfg = Debug|x86
		{936141A6-3390-44FC-9829-1144D5214ECB}.Debug|Mixed Platforms.Build.0 = Debug|x86
		{936141A6-3390-44FC-9829-1144D5214ECB}.Debug|x86.ActiveCfg = Debug|x86
		{936141A6-3390-44FC-9829-1144D5214ECB}.Debug|x86.Build.0 = Debug|x86
		{936141A6-3390-44FC-9829-1144D5214ECB}.Release|Any CPU.ActiveCfg = Release|Any CPU
		{936141A6-3390-44FC-9829-1144D5214ECB}.Release|Any CPU.Build.0 = Release|Any CPU
		{936141A6-3390-44FC-9829-1144D5214ECB}.Release|Mixed Platforms.ActiveCfg = Release|x86
		{936141A6-3390-44FC-9829-1144D5214ECB}.Release|Mixed Platforms.Build.0 = Release|x86
		{936141A6-3390-44FC-9829-1144D5214ECB}.Release|x86.ActiveCfg = Release|x86
		{936141A6-3390-44FC-9829-1144D5214ECB}.Release|x86.Build.0 = Release|x86
		{E0739ADF-2B24-40AC-A368-293C0A98DBDA}.Debug|Any CPU.ActiveCfg = Debug|Any CPU
		{E0739ADF-2B24-40AC-A368-293C0A98DBDA}.Debug|Any CPU.Build.0 = Debug|Any CPU
		{E0739ADF-2B24-40AC-A368-293C0A98DBDA}.Debug|Mixed Platforms.ActiveCfg = Debug|x86
		{E0739ADF-2B24-40AC-A368-293C0A98DBDA}.Debug|Mixed Platforms.Build.0 = Debug|x86
		{E0739ADF-2B24-40AC-A368-293C0A98DBDA}.Debug|x86.ActiveCfg = Debug|x86
		{E0739ADF-2B24-40AC-A368-293C0A98DBDA}.Debug|x86.Build.0 = Debug|x86
		{E0739ADF-2B24-40AC-A368-293C0A98DBDA}.Release|Any CPU.ActiveCfg = Release|Any CPU
		{E0739ADF-2B24-40AC-A368-293C0A98DBDA}.Release|Any CPU.Build.0 = Release|Any CPU
		{E0739ADF-2B24-40AC-A368-293C0A98DBDA}.Release|Mixed Platforms.ActiveCfg = Release|x86
		{E0739ADF-2B24-40AC-A368-293C0A98DBDA}.Release|Mixed Platforms.Build.0 = Release|x86
		{E0739ADF-2B24-40AC-A368-293C0A98DBDA}.Release|x86.ActiveCfg = Release|x86
		{E0739ADF-2B24-40AC-A368-293C0A98DBDA}.Release|x86.Build.0 = Release|x86
		{33AEE6F9-C15A-4DBA-8091-2919748EA0B1}.Debug|Any CPU.ActiveCfg = Debug|Any CPU
		{33AEE6F9-C15A-4DBA-8091-2919748EA0B1}.Debug|Any CPU.Build.0 = Debug|Any CPU
		{33AEE6F9-C15A-4DBA-8091-2919748EA0B1}.Debug|Mixed Platforms.ActiveCfg = Debug|Any CPU
		{33AEE6F9-C15A-4DBA-8091-2919748EA0B1}.Debug|Mixed Platforms.Build.0 = Debug|Any CPU
		{33AEE6F9-C15A-4DBA-8091-2919748EA0B1}.Debug|x86.ActiveCfg = Debug|Any CPU
		{33AEE6F9-C15A-4DBA-8091-2919748EA0B1}.Release|Any CPU.ActiveCfg = Release|Any CPU
		{33AEE6F9-C15A-4DBA-8091-2919748EA0B1}.Release|Any CPU.Build.0 = Release|Any CPU
		{33AEE6F9-C15A-4DBA-8091-2919748EA0B1}.Release|Mixed Platforms.ActiveCfg = Release|Any CPU
		{33AEE6F9-C15A-4DBA-8091-2919748EA0B1}.Release|Mixed Platforms.Build.0 = Release|Any CPU
		{33AEE6F9-C15A-4DBA-8091-2919748EA0B1}.Release|x86.ActiveCfg = Release|Any CPU
	EndGlobalSection
	GlobalSection(SolutionProperties) = preSolution
		HideSolutionNode = FALSE
	EndGlobalSection
	GlobalSection(ExtensibilityGlobals) = postSolution
		SolutionGuid = {2892D1DA-4589-4974-BE13-BF3499474EB5}
	EndGlobalSection
EndGlobal
